{
  "name": "phone",
  "version": "1.0.0",
  "lockfileVersion": 1,
  "requires": true,
  "dependencies": {
    "@ohos/common": {
      "version": "file:../../common"
    },
    "@ohos/countdown": {
      "version": "file:../../feature/countdown",
      "requires": {
        "@ohos/common": "file:../../common"
      },
      "dependencies": {
        "@ohos/common": {
          "version": "file:../../common"
        }
      }
    },
    "@ohos/timer": {
      "version": "file:../../feature/timer",
      "requires": {
        "@ohos/common": "file:../../common"
      },
      "dependencies": {
        "@ohos/common": {
          "version": "file:../../common"
        }
      }
    }
  }
}
